
Microsoft Visual Studio Solution File, Format Version 12.00
# Visual Studio 2013
VisualStudioVersion = 12.0.40629.0
MinimumVisualStudioVersion = 10.0.40219.1
Project("{FAE04EC0-301F-11D3-BF4B-00C04F79EFBC}") = "TdLyL-FA", "TdLyL-FA\TdLyL-FA.csproj", "{AC1EC2BB-4416-4C2F-9303-5B73053ADACA}"
EndProject
Global
	GlobalSection(SolutionConfigurationPlatforms) = preSolution
		Debug|Any CPU = Debug|Any CPU
		Release|Any CPU = Release|Any CPU
	EndGlobalSection
	GlobalSection(ProjectConfigurationPlatforms) = postSolution
		{AC1EC2BB-4416-4C2F-9303-5B73053ADACA}.Debug|Any CPU.ActiveCfg = Debug|Any CPU
		{AC1EC2BB-4416-4C2F-9303-5B73053ADACA}.Debug|Any CPU.Build.0 = Debug|Any CPU
		{AC1EC2BB-4416-4C2F-9303-5B73053ADACA}.Release|Any CPU.ActiveCfg = Release|Any CPU
		{AC1EC2BB-4416-4C2F-9303-5B73053ADACA}.Release|Any CPU.Build.0 = Release|Any CPU
	EndGlobalSection
	GlobalSection(SolutionProperties) = preSolution
		HideSolutionNode = FALSE
	EndGlobalSection
EndGlobal
